
Microsoft Visual Studio Solution File, Format Version 12.00
# Visual Studio Version 17
VisualStudioVersion = 17.5.002.0
MinimumVisualStudioVersion = 10.0.40219.1
Project("{9A19103F-16F7-4668-BE54-9A1E7A4F7556}") = "MiniChallenge_#1_Endpoint_MVC", "MiniChallenge_#1_Endpoint_MVC.csproj", "{CA106353-8B3D-4EA6-A329-203BE701434A}"
EndProject
Global
	GlobalSection(SolutionConfigurationPlatforms) = preSolution
		Debug|Any CPU = Debug|Any CPU
		Release|Any CPU = Release|Any CPU
	EndGlobalSection
	GlobalSection(ProjectConfigurationPlatforms) = postSolution
		{CA106353-8B3D-4EA6-A329-203BE701434A}.Debug|Any CPU.ActiveCfg = Debug|Any CPU
		{CA106353-8B3D-4EA6-A329-203BE701434A}.Debug|Any CPU.Build.0 = Debug|Any CPU
		{CA106353-8B3D-4EA6-A329-203BE701434A}.Release|Any CPU.ActiveCfg = Release|Any CPU
		{CA106353-8B3D-4EA6-A329-203BE701434A}.Release|Any CPU.Build.0 = Release|Any CPU
	EndGlobalSection
	GlobalSection(SolutionProperties) = preSolution
		HideSolutionNode = FALSE
	EndGlobalSection
	GlobalSection(ExtensibilityGlobals) = postSolution
		SolutionGuid = {7835F454-0A73-4719-A26F-951F9C2E69AF}
	EndGlobalSection
EndGlobal
